# Datestamp this should match the filename
DATE 20241021
# The hash value here should be used to check the integrity of the validation tools
# /opt/security/bin/validate and /opt/security/bin/strcheck
VALIDATE 10d8311a0f5e756f195e81291e42e200e1b7367b4623b2dacb9fe7097b0f1c56
STRCHECK 37f38366c6927e45c3b1c02c9e6dcf88913118c2eb2ca09f6768a3f1bc5679a1
# IOC values to check
IOC 72c320e96eb9b3d48ff08b236140e41c8255b75843d8ff62dae5e9af2c4abb1d /home/tomper33503stud
IOC sha256hash2 /home/tomper33503stud
# Strings follow. These are strings that may indicate problems
STR "this is very dangerous" /home/tomper33503stud
STR suspicious_string2 /path/to/check2
EOF
