# Datestamp this should match the filename 
DATE 20241104
# The hash value here should be used to check the integrity of the validation tools
# /opt/security/bin/validate and /opt/security/bin/strcheck
VALIDATE 10d8311a0f5e756f195e81291e42e200e1b7367b4623b2dacb9fe7097b0f1c56
STRCHECK 37f38366c6927e45c3b1c02c9e6dcf88913118c2eb2ca09f6768a3f1bc5679a1
# IOC  values to check
IOC 78dae33cf64c6bca2c0a4d2390f88e0fa339029cfc6556a5c6aeb165e57f31a7	/var/www/uploads
IOC 78dae33cf64c34611e0fa339029cfc65afac49bb6356a5c6aeb16707e5e57fa7   /var/www
IOC 60e25ccc7f5d13d6b6bf7dd6b7ff54b4846ac9d96e3913d46011c7fc6d04f315   /var/www
# Strings follow.  These are strings  that may indicate  problems
STR string directory
STR IFZvbHVtZSBpbiBkcml2ZS /var/www
STR PSEXECscv	/data/share/windows
STR "/eval\(|rot13\(/"  /var/www
STR "r0nin|m0rtix|upl0ad|r57shell|phpshell|Made.*DrIbi5" /var/www
