# Datestamp
DATE 20241019
# The hash value here should be used to check the integrity of the validation tools
VALIDATE 10d8311a0f5e756f195e81291e42e200e1b7367b4623b2dacb9fe7097b0f1c56
STRCHECK 37f38366c6927e45c3b1c02c9e6dcf88913118c2eb2ca09f6768a3f1bc5679a1
# IoC values to check
IOC 81b3eb4cdb34ea422e44e791de68aaf912b2dd280ae501045c7b989f5ee86e57 /opt/security/mock_data
# Strings follow. These are strings that may indicate problems
STR "malicious_string" /opt/security/mock_data
